
Microsoft Visual Studio Solution File, Format Version 12.00
# Visual Studio for Mac
Project("{FAE04EC0-301F-11D3-BF4B-00C04F79EFBC}") = "Assembly-CSharp", "Assembly-CSharp.csproj", "{EEFDE59D-12B2-0020-3F03-1E094983F16B}"
EndProject
Project("{FAE04EC0-301F-11D3-BF4B-00C04F79EFBC}") = "Assembly-CSharp-Editor", "Assembly-CSharp-Editor.csproj", "{131C20EB-2645-4FF8-253F-F57BA2ED4AF9}"
EndProject
Global
	GlobalSection(SolutionConfigurationPlatforms) = preSolution
		Debug|Any CPU = Debug|Any CPU
		Release|Any CPU = Release|Any CPU
	EndGlobalSection
	GlobalSection(ProjectConfigurationPlatforms) = postSolution
		{EEFDE59D-12B2-0020-3F03-1E094983F16B}.Debug|Any CPU.ActiveCfg = Debug|Any CPU
		{EEFDE59D-12B2-0020-3F03-1E094983F16B}.Debug|Any CPU.Build.0 = Debug|Any CPU
		{EEFDE59D-12B2-0020-3F03-1E094983F16B}.Release|Any CPU.ActiveCfg = Release|Any CPU
		{EEFDE59D-12B2-0020-3F03-1E094983F16B}.Release|Any CPU.Build.0 = Release|Any CPU
		{131C20EB-2645-4FF8-253F-F57BA2ED4AF9}.Debug|Any CPU.ActiveCfg = Debug|Any CPU
		{131C20EB-2645-4FF8-253F-F57BA2ED4AF9}.Debug|Any CPU.Build.0 = Debug|Any CPU
		{131C20EB-2645-4FF8-253F-F57BA2ED4AF9}.Release|Any CPU.ActiveCfg = Release|Any CPU
		{131C20EB-2645-4FF8-253F-F57BA2ED4AF9}.Release|Any CPU.Build.0 = Release|Any CPU
	EndGlobalSection
	GlobalSection(SolutionProperties) = preSolution
		HideSolutionNode = FALSE
	EndGlobalSection
EndGlobal
